// !$*UTF8*$!
{
	archiveVersion = 1;
	classes = {
	};
	objectVersion = 56;
	objects = {

/* Begin PBXBuildFile section */
		50C844A42988DEFE003A73B1 /* AppDelegate.swift in Sources */ = {isa = PBXBuildFile; fileRef = 50C844A32988DEFE003A73B1 /* AppDelegate.swift */; };
		50C844A62988DEFE003A73B1 /* SceneDelegate.swift in Sources */ = {isa = PBXBuildFile; fileRef = 50C844A52988DEFE003A73B1 /* SceneDelegate.swift */; };
		50C844AB2988DEFE003A73B1 /* Main.storyboard in Resources */ = {isa = PBXBuildFile; fileRef = 50C844A92988DEFE003A73B1 /* Main.storyboard */; };
		50C844AD2988DEFF003A73B1 /* Assets.xcassets in Resources */ = {isa = PBXBuildFile; fileRef = 50C844AC2988DEFF003A73B1 /* Assets.xcassets */; };
		50C844B02988DEFF003A73B1 /* LaunchScreen.storyboard in Resources */ = {isa = PBXBuildFile; fileRef = 50C844AE2988DEFF003A73B1 /* LaunchScreen.storyboard */; };
		50C844BB2988DEFF003A73B1 /* Card_ExerciseTests.swift in Sources */ = {isa = PBXBuildFile; fileRef = 50C844BA2988DEFF003A73B1 /* Card_ExerciseTests.swift */; };
		50C844C52988DEFF003A73B1 /* Card_ExerciseUITests.swift in Sources */ = {isa = PBXBuildFile; fileRef = 50C844C42988DEFF003A73B1 /* Card_ExerciseUITests.swift */; };
		50C844C72988DEFF003A73B1 /* Card_ExerciseUITestsLaunchTests.swift in Sources */ = {isa = PBXBuildFile; fileRef = 50C844C62988DEFF003A73B1 /* Card_ExerciseUITestsLaunchTests.swift */; };
		50C844D42988DF36003A73B1 /* CardCollectionVC.swift in Sources */ = {isa = PBXBuildFile; fileRef = 50C844D32988DF36003A73B1 /* CardCollectionVC.swift */; };
		50C844D82988EE68003A73B1 /* Card.swift in Sources */ = {isa = PBXBuildFile; fileRef = 50C844D72988EE68003A73B1 /* Card.swift */; };
/* End PBXBuildFile section */

/* Begin PBXContainerItemProxy section */
		50C844B72988DEFF003A73B1 /* PBXContainerItemProxy */ = {
			isa = PBXContainerItemProxy;
			containerPortal = 50C844982988DEFE003A73B1 /* Project object */;
			proxyType = 1;
			remoteGlobalIDString = 50C8449F2988DEFE003A73B1;
			remoteInfo = "Card Exercise";
		};
		50C844C12988DEFF003A73B1 /* PBXContainerItemProxy */ = {
			isa = PBXContainerItemProxy;
			containerPortal = 50C844982988DEFE003A73B1 /* Project object */;
			proxyType = 1;
			remoteGlobalIDString = 50C8449F2988DEFE003A73B1;
			remoteInfo = "Card Exercise";
		};
/* End PBXContainerItemProxy section */

/* Begin PBXFileReference section */
		50C844A02988DEFE003A73B1 /* Card Exercise.app */ = {isa = PBXFileReference; explicitFileType = wrapper.application; includeInIndex = 0; path = "Card Exercise.app"; sourceTree = BUILT_PRODUCTS_DIR; };
		50C844A32988DEFE003A73B1 /* AppDelegate.swift */ = {isa = PBXFileReference; lastKnownFileType = sourcecode.swift; path = AppDelegate.swift; sourceTree = "<group>"; };
		50C844A52988DEFE003A73B1 /* SceneDelegate.swift */ = {isa = PBXFileReference; lastKnownFileType = sourcecode.swift; path = SceneDelegate.swift; sourceTree = "<group>"; };
		50C844AA2988DEFE003A73B1 /* Base */ = {isa = PBXFileReference; lastKnownFileType = file.storyboard; name = Base; path = Base.lproj/Main.storyboard; sourceTree = "<group>"; };
		50C844AC2988DEFF003A73B1 /* Assets.xcassets */ = {isa = PBXFileReference; lastKnownFileType = folder.assetcatalog; path = Assets.xcassets; sourceTree = "<group>"; };
		50C844AF2988DEFF003A73B1 /* Base */ = {isa = PBXFileReference; lastKnownFileType = file.storyboard; name = Base; path = Base.lproj/LaunchScreen.storyboard; sourceTree = "<group>"; };
		50C844B12988DEFF003A73B1 /* Info.plist */ = {isa = PBXFileReference; lastKnownFileType = text.plist.xml; path = Info.plist; sourceTree = "<group>"; };
		50C844B62988DEFF003A73B1 /* Card ExerciseTests.xctest */ = {isa = PBXFileReference; explicitFileType = wrapper.cfbundle; includeInIndex = 0; path = "Card ExerciseTests.xctest"; sourceTree = BUILT_PRODUCTS_DIR; };
		50C844BA2988DEFF003A73B1 /* Card_ExerciseTests.swift */ = {isa = PBXFileReference; lastKnownFileType = sourcecode.swift; path = Card_ExerciseTests.swift; sourceTree = "<group>"; };
		50C844C02988DEFF003A73B1 /* Card ExerciseUITests.xctest */ = {isa = PBXFileReference; explicitFileType = wrapper.cfbundle; includeInIndex = 0; path = "Card ExerciseUITests.xctest"; sourceTree = BUILT_PRODUCTS_DIR; };
		50C844C42988DEFF003A73B1 /* Card_ExerciseUITests.swift */ = {isa = PBXFileReference; lastKnownFileType = sourcecode.swift; path = Card_ExerciseUITests.swift; sourceTree = "<group>"; };
		50C844C62988DEFF003A73B1 /* Card_ExerciseUITestsLaunchTests.swift */ = {isa = PBXFileReference; lastKnownFileType = sourcecode.swift; path = Card_ExerciseUITestsLaunchTests.swift; sourceTree = "<group>"; };
		50C844D32988DF36003A73B1 /* CardCollectionVC.swift */ = {isa = PBXFileReference; lastKnownFileType = sourcecode.swift; path = CardCollectionVC.swift; sourceTree = "<group>"; };
		50C844D72988EE68003A73B1 /* Card.swift */ = {isa = PBXFileReference; lastKnownFileType = sourcecode.swift; path = Card.swift; sourceTree = "<group>"; };
/* End PBXFileReference section */

/* Begin PBXFrameworksBuildPhase section */
		50C8449D2988DEFE003A73B1 /* Frameworks */ = {
			isa = PBXFrameworksBuildPhase;
			buildActionMask = 2147483647;
			files = (
			);
			runOnlyForDeploymentPostprocessing = 0;
		};
		50C844B32988DEFF003A73B1 /* Frameworks */ = {
			isa = PBXFrameworksBuildPhase;
			buildActionMask = 2147483647;
			files = (
			);
			runOnlyForDeploymentPostprocessing = 0;
		};
		50C844BD2988DEFF003A73B1 /* Frameworks */ = {
			isa = PBXFrameworksBuildPhase;
			buildActionMask = 2147483647;
			files = (
			);
			runOnlyForDeploymentPostprocessing = 0;
		};
/* End PBXFrameworksBuildPhase section */

/* Begin PBXGroup section */
		50C844972988DEFE003A73B1 = {
			isa = PBXGroup;
			children = (
				50C844A22988DEFE003A73B1 /* Card Exercise */,
				50C844B92988DEFF003A73B1 /* Card ExerciseTests */,
				50C844C32988DEFF003A73B1 /* Card ExerciseUITests */,
				50C844A12988DEFE003A73B1 /* Products */,
			);
			sourceTree = "<group>";
		};
		50C844A12988DEFE003A73B1 /* Products */ = {
			isa = PBXGroup;
			children = (
				50C844A02988DEFE003A73B1 /* Card Exercise.app */,
				50C844B62988DEFF003A73B1 /* Card ExerciseTests.xctest */,
				50C844C02988DEFF003A73B1 /* Card ExerciseUITests.xctest */,
			);
			name = Products;
			sourceTree = "<group>";
		};
		50C844A22988DEFE003A73B1 /* Card Exercise */ = {
			isa = PBXGroup;
			children = (
				50C844A32988DEFE003A73B1 /* AppDelegate.swift */,
				50C844A52988DEFE003A73B1 /* SceneDelegate.swift */,
				50C844D32988DF36003A73B1 /* CardCollectionVC.swift */,
				50C844A92988DEFE003A73B1 /* Main.storyboard */,
				50C844AC2988DEFF003A73B1 /* Assets.xcassets */,
				50C844AE2988DEFF003A73B1 /* LaunchScreen.storyboard */,
				50C844B12988DEFF003A73B1 /* Info.plist */,
				50C844D72988EE68003A73B1 /* Card.swift */,
			);
			path = "Card Exercise";
			sourceTree = "<group>";
		};
		50C844B92988DEFF003A73B1 /* Card ExerciseTests */ = {
			isa = PBXGroup;
			children = (
				50C844BA2988DEFF003A73B1 /* Card_ExerciseTests.swift */,
			);
			path = "Card ExerciseTests";
			sourceTree = "<group>";
		};
		50C844C32988DEFF003A73B1 /* Card ExerciseUITests */ = {
			isa = PBXGroup;
			children = (
				50C844C42988DEFF003A73B1 /* Card_ExerciseUITests.swift */,
				50C844C62988DEFF003A73B1 /* Card_ExerciseUITestsLaunchTests.swift */,
			);
			path = "Card ExerciseUITests";
			sourceTree = "<group>";
		};
/* End PBXGroup section */

/* Begin PBXNativeTarget section */
		50C8449F2988DEFE003A73B1 /* Card Exercise */ = {
			isa = PBXNativeTarget;
			buildConfigurationList = 50C844CA2988DEFF003A73B1 /* Build configuration list for PBXNativeTarget "Card Exercise" */;
			buildPhases = (
				50C8449C2988DEFE003A73B1 /* Sources */,
				50C8449D2988DEFE003A73B1 /* Frameworks */,
				50C8449E2988DEFE003A73B1 /* Resources */,
			);
			buildRules = (
			);
			dependencies = (
			);
			name = "Card Exercise";
			productName = "Card Exercise";
			productReference = 50C844A02988DEFE003A73B1 /* Card Exercise.app */;
			productType = "com.apple.product-type.application";
		};
		50C844B52988DEFF003A73B1 /* Card ExerciseTests */ = {
			isa = PBXNativeTarget;
			buildConfigurationList = 50C844CD2988DEFF003A73B1 /* Build configuration list for PBXNativeTarget "Card ExerciseTests" */;
			buildPhases = (
				50C844B22988DEFF003A73B1 /* Sources */,
				50C844B32988DEFF003A73B1 /* Frameworks */,
				50C844B42988DEFF003A73B1 /* Resources */,
			);
			buildRules = (
			);
			dependencies = (
				50C844B82988DEFF003A73B1 /* PBXTargetDependency */,
			);
			name = "Card ExerciseTests";
			productName = "Card ExerciseTests";
			productReference = 50C844B62988DEFF003A73B1 /* Card ExerciseTests.xctest */;
			productType = "com.apple.product-type.bundle.unit-test";
		};
		50C844BF2988DEFF003A73B1 /* Card ExerciseUITests */ = {
			isa = PBXNativeTarget;
			buildConfigurationList = 50C844D02988DEFF003A73B1 /* Build configuration list for PBXNativeTarget "Card ExerciseUITests" */;
			buildPhases = (
				50C844BC2988DEFF003A73B1 /* Sources */,
				50C844BD2988DEFF003A73B1 /* Frameworks */,
				50C844BE2988DEFF003A73B1 /* Resources */,
			);
			buildRules = (
			);
			dependencies = (
				50C844C22988DEFF003A73B1 /* PBXTargetDependency */,
			);
			name = "Card ExerciseUITests";
			productName = "Card ExerciseUITests";
			productReference = 50C844C02988DEFF003A73B1 /* Card ExerciseUITests.xctest */;
			productType = "com.apple.product-type.bundle.ui-testing";
		};
/* End PBXNativeTarget section */

/* Begin PBXProject section */
		50C844982988DEFE003A73B1 /* Project object */ = {
			isa = PBXProject;
			attributes = {
				BuildIndependentTargetsInParallel = 1;
				LastSwiftUpdateCheck = 1420;
				LastUpgradeCheck = 1420;
				TargetAttributes = {
					50C8449F2988DEFE003A73B1 = {
						CreatedOnToolsVersion = 14.2;
					};
					50C844B52988DEFF003A73B1 = {
						CreatedOnToolsVersion = 14.2;
						TestTargetID = 50C8449F2988DEFE003A73B1;
					};
					50C844BF2988DEFF003A73B1 = {
						CreatedOnToolsVersion = 14.2;
						TestTargetID = 50C8449F2988DEFE003A73B1;
					};
				};
			};
			buildConfigurationList = 50C8449B2988DEFE003A73B1 /* Build configuration list for PBXProject "Card Exercise" */;
			compatibilityVersion = "Xcode 14.0";
			developmentRegion = en;
			hasScannedForEncodings = 0;
			knownRegions = (
				en,
				Base,
			);
			mainGroup = 50C844972988DEFE003A73B1;
			productRefGroup = 50C844A12988DEFE003A73B1 /* Products */;
			projectDirPath = "";
			projectRoot = "";
			targets = (
				50C8449F2988DEFE003A73B1 /* Card Exercise */,
				50C844B52988DEFF003A73B1 /* Card ExerciseTests */,
				50C844BF2988DEFF003A73B1 /* Card ExerciseUITests */,
			);
		};
/* End PBXProject section */

/* Begin PBXResourcesBuildPhase section */
		50C8449E2988DEFE003A73B1 /* Resources */ = {
			isa = PBXResourcesBuildPhase;
			buildActionMask = 2147483647;
			files = (
				50C844B02988DEFF003A73B1 /* LaunchScreen.storyboard in Resources */,
				50C844AD2988DEFF003A73B1 /* Assets.xcassets in Resources */,
				50C844AB2988DEFE003A73B1 /* Main.storyboard in Resources */,
			);
			runOnlyForDeploymentPostprocessing = 0;
		};
		50C844B42988DEFF003A73B1 /* Resources */ = {
			isa = PBXResourcesBuildPhase;
			buildActionMask = 2147483647;
			files = (
			);
			runOnlyForDeploymentPostprocessing = 0;
		};
		50C844BE2988DEFF003A73B1 /* Resources */ = {
			isa = PBXResourcesBuildPhase;
			buildActionMask = 2147483647;
			files = (
			);
			runOnlyForDeploymentPostprocessing = 0;
		};
/* End PBXResourcesBuildPhase section */

/* Begin PBXSourcesBuildPhase section */
		50C8449C2988DEFE003A73B1 /* Sources */ = {
			isa = PBXSourcesBuildPhase;
			buildActionMask = 2147483647;
			files = (
				50C844A42988DEFE003A73B1 /* AppDelegate.swift in Sources */,
				50C844D42988DF36003A73B1 /* CardCollectionVC.swift in Sources */,
				50C844A62988DEFE003A73B1 /* SceneDelegate.swift in Sources */,
				50C844D82988EE68003A73B1 /* Card.swift in Sources */,
			);
			runOnlyForDeploymentPostprocessing = 0;
		};
		50C844B22988DEFF003A73B1 /* Sources */ = {
			isa = PBXSourcesBuildPhase;
			buildActionMask = 2147483647;
			files = (
				50C844BB2988DEFF003A73B1 /* Card_ExerciseTests.swift in Sources */,
			);
			runOnlyForDeploymentPostprocessing = 0;
		};
		50C844BC2988DEFF003A73B1 /* Sources */ = {
			isa = PBXSourcesBuildPhase;
			buildActionMask = 2147483647;
			files = (
				50C844C72988DEFF003A73B1 /* Card_ExerciseUITestsLaunchTests.swift in Sources */,
				50C844C52988DEFF003A73B1 /* Card_ExerciseUITests.swift in Sources */,
			);
			runOnlyForDeploymentPostprocessing = 0;
		};
/* End PBXSourcesBuildPhase section */

/* Begin PBXTargetDependency section */
		50C844B82988DEFF003A73B1 /* PBXTargetDependency */ = {
			isa = PBXTargetDependency;
			target = 50C8449F2988DEFE003A73B1 /* Card Exercise */;
			targetProxy = 50C844B72988DEFF003A73B1 /* PBXContainerItemProxy */;
		};
		50C844C22988DEFF003A73B1 /* PBXTargetDependency */ = {
			isa = PBXTargetDependency;
			target = 50C8449F2988DEFE003A73B1 /* Card Exercise */;
			targetProxy = 50C844C12988DEFF003A73B1 /* PBXContainerItemProxy */;
		};
/* End PBXTargetDependency section */

/* Begin PBXVariantGroup section */
		50C844A92988DEFE003A73B1 /* Main.storyboard */ = {
			isa = PBXVariantGroup;
			children = (
				50C844AA2988DEFE003A73B1 /* Base */,
			);
			name = Main.storyboard;
			sourceTree = "<group>";
		};
		50C844AE2988DEFF003A73B1 /* LaunchScreen.storyboard */ = {
			isa = PBXVariantGroup;
			children = (
				50C844AF2988DEFF003A73B1 /* Base */,
			);
			name = LaunchScreen.storyboard;
			sourceTree = "<group>";
		};
/* End PBXVariantGroup section */

/* Begin XCBuildConfiguration section */
		50C844C82988DEFF003A73B1 /* Debug */ = {
			isa = XCBuildConfiguration;
			buildSettings = {
				ALWAYS_SEARCH_USER_PATHS = NO;
				CLANG_ANALYZER_NONNULL = YES;
				CLANG_ANALYZER_NUMBER_OBJECT_CONVERSION = YES_AGGRESSIVE;
				CLANG_CXX_LANGUAGE_STANDARD = "gnu++20";
				CLANG_ENABLE_MODULES = YES;
				CLANG_ENABLE_OBJC_ARC = YES;
				CLANG_ENABLE_OBJC_WEAK = YES;
				CLANG_WARN_BLOCK_CAPTURE_AUTORELEASING = YES;
				CLANG_WARN_BOOL_CONVERSION = YES;
				CLANG_WARN_COMMA = YES;
				CLANG_WARN_CONSTANT_CONVERSION = YES;
				CLANG_WARN_DEPRECATED_OBJC_IMPLEMENTATIONS = YES;
				CLANG_WARN_DIRECT_OBJC_ISA_USAGE = YES_ERROR;
				CLANG_WARN_DOCUMENTATION_COMMENTS = YES;
				CLANG_WARN_EMPTY_BODY = YES;
				CLANG_WARN_ENUM_CONVERSION = YES;
				CLANG_WARN_INFINITE_RECURSION = YES;
				CLANG_WARN_INT_CONVERSION = YES;
				CLANG_WARN_NON_LITERAL_NULL_CONVERSION = YES;
				CLANG_WARN_OBJC_IMPLICIT_RETAIN_SELF = YES;
				CLANG_WARN_OBJC_LITERAL_CONVERSION = YES;
				CLANG_WARN_OBJC_ROOT_CLASS = YES_ERROR;
				CLANG_WARN_QUOTED_INCLUDE_IN_FRAMEWORK_HEADER = YES;
				CLANG_WARN_RANGE_LOOP_ANALYSIS = YES;
				CLANG_WARN_STRICT_PROTOTYPES = YES;
				CLANG_WARN_SUSPICIOUS_MOVE = YES;
				CLANG_WARN_UNGUARDED_AVAILABILITY = YES_AGGRESSIVE;
				CLANG_WARN_UNREACHABLE_CODE = YES;
				CLANG_WARN__DUPLICATE_METHOD_MATCH = YES;
				COPY_PHASE_STRIP = NO;
				DEBUG_INFORMATION_FORMAT = dwarf;
				ENABLE_STRICT_OBJC_MSGSEND = YES;
				ENABLE_TESTABILITY = YES;
				GCC_C_LANGUAGE_STANDARD = gnu11;
				GCC_DYNAMIC_NO_PIC = NO;
				GCC_NO_COMMON_BLOCKS = YES;
				GCC_OPTIMIZATION_LEVEL = 0;
				GCC_PREPROCESSOR_DEFINITIONS = (
					"DEBUG=1",
					"$(inherited)",
				);
				GCC_WARN_64_TO_32_BIT_CONVERSION = YES;
				GCC_WARN_ABOUT_RETURN_TYPE = YES_ERROR;
				GCC_WARN_UNDECLARED_SELECTOR = YES;
				GCC_WARN_UNINITIALIZED_AUTOS = YES_AGGRESSIVE;
				GCC_WARN_UNUSED_FUNCTION = YES;
				GCC_WARN_UNUSED_VARIABLE = YES;
				IPHONEOS_DEPLOYMENT_TARGET = 16.2;
				MTL_ENABLE_DEBUG_INFO = INCLUDE_SOURCE;
				MTL_FAST_MATH = YES;
				ONLY_ACTIVE_ARCH = YES;
				SDKROOT = iphoneos;
				SWIFT_ACTIVE_COMPILATION_CONDITIONS = DEBUG;
				SWIFT_OPTIMIZATION_LEVEL = "-Onone";
			};
			name = Debug;
		};
		50C844C92988DEFF003A73B1 /* Release */ = {
			isa = XCBuildConfiguration;
			buildSettings = {
				ALWAYS_SEARCH_USER_PATHS = NO;
				CLANG_ANALYZER_NONNULL = YES;
				CLANG_ANALYZER_NUMBER_OBJECT_CONVERSION = YES_AGGRESSIVE;
				CLANG_CXX_LANGUAGE_STANDARD = "gnu++20";
				CLANG_ENABLE_MODULES = YES;
				CLANG_ENABLE_OBJC_ARC = YES;
				CLANG_ENABLE_OBJC_WEAK = YES;
				CLANG_WARN_BLOCK_CAPTURE_AUTORELEASING = YES;
				CLANG_WARN_BOOL_CONVERSION = YES;
				CLANG_WARN_COMMA = YES;
				CLANG_WARN_CONSTANT_CONVERSION = YES;
				CLANG_WARN_DEPRECATED_OBJC_IMPLEMENTATIONS = YES;
				CLANG_WARN_DIRECT_OBJC_ISA_USAGE = YES_ERROR;
				CLANG_WARN_DOCUMENTATION_COMMENTS = YES;
				CLANG_WARN_EMPTY_BODY = YES;
				CLANG_WARN_ENUM_CONVERSION = YES;
				CLANG_WARN_INFINITE_RECURSION = YES;
				CLANG_WARN_INT_CONVERSION = YES;
				CLANG_WARN_NON_LITERAL_NULL_CONVERSION = YES;
				CLANG_WARN_OBJC_IMPLICIT_RETAIN_SELF = YES;
				CLANG_WARN_OBJC_LITERAL_CONVERSION = YES;
				CLANG_WARN_OBJC_ROOT_CLASS = YES_ERROR;
				CLANG_WARN_QUOTED_INCLUDE_IN_FRAMEWORK_HEADER = YES;
				CLANG_WARN_RANGE_LOOP_ANALYSIS = YES;
				CLANG_WARN_STRICT_PROTOTYPES = YES;
				CLANG_WARN_SUSPICIOUS_MOVE = YES;
				CLANG_WARN_UNGUARDED_AVAILABILITY = YES_AGGRESSIVE;
				CLANG_WARN_UNREACHABLE_CODE = YES;
				CLANG_WARN__DUPLICATE_METHOD_MATCH = YES;
				COPY_PHASE_STRIP = NO;
				DEBUG_INFORMATION_FORMAT = "dwarf-with-dsym";
				ENABLE_NS_ASSERTIONS = NO;
				ENABLE_STRICT_OBJC_MSGSEND = YES;
				GCC_C_LANGUAGE_STANDARD = gnu11;
				GCC_NO_COMMON_BLOCKS = YES;
				GCC_WARN_64_TO_32_BIT_CONVERSION = YES;
				GCC_WARN_ABOUT_RETURN_TYPE = YES_ERROR;
				GCC_WARN_UNDECLARED_SELECTOR = YES;
				GCC_WARN_UNINITIALIZED_AUTOS = YES_AGGRESSIVE;
				GCC_WARN_UNUSED_FUNCTION = YES;
				GCC_WARN_UNUSED_VARIABLE = YES;
				IPHONEOS_DEPLOYMENT_TARGET = 16.2;
				MTL_ENABLE_DEBUG_INFO = NO;
				MTL_FAST_MATH = YES;
				SDKROOT = iphoneos;
				SWIFT_COMPILATION_MODE = wholemodule;
				SWIFT_OPTIMIZATION_LEVEL = "-O";
				VALIDATE_PRODUCT = YES;
			};
			name = Release;
		};
		50C844CB2988DEFF003A73B1 /* Debug */ = {
			isa = XCBuildConfiguration;
			buildSettings = {
				ASSETCATALOG_COMPILER_APPICON_NAME = AppIcon;
				ASSETCATALOG_COMPILER_GLOBAL_ACCENT_COLOR_NAME = AccentColor;
				CODE_SIGN_STYLE = Automatic;
				CURRENT_PROJECT_VERSION = 1;
				GENERATE_INFOPLIST_FILE = YES;
				INFOPLIST_FILE = "Card Exercise/Info.plist";
				INFOPLIST_KEY_UIApplicationSupportsIndirectInputEvents = YES;
				INFOPLIST_KEY_UILaunchStoryboardName = LaunchScreen;
				INFOPLIST_KEY_UIMainStoryboardFile = Main;
				INFOPLIST_KEY_UISupportedInterfaceOrientations_iPad = "UIInterfaceOrientationPortrait UIInterfaceOrientationPortraitUpsideDown UIInterfaceOrientationLandscapeLeft UIInterfaceOrientationLandscapeRight";
				INFOPLIST_KEY_UISupportedInterfaceOrientations_iPhone = "UIInterfaceOrientationPortrait UIInterfaceOrientationLandscapeLeft UIInterfaceOrientationLandscapeRight";
				LD_RUNPATH_SEARCH_PATHS = (
					"$(inherited)",
					"@executable_path/Frameworks",
				);
				MARKETING_VERSION = 1.0;
				PRODUCT_BUNDLE_IDENTIFIER = "np.com.paurakhsaud.Card-Exercise";
				PRODUCT_NAME = "$(TARGET_NAME)";
				SWIFT_EMIT_LOC_STRINGS = YES;
				SWIFT_VERSION = 5.0;
				TARGETED_DEVICE_FAMILY = "1,2";
			};
			name = Debug;
		};
		50C844CC2988DEFF003A73B1 /* Release */ = {
			isa = XCBuildConfiguration;
			buildSettings = {
				ASSETCATALOG_COMPILER_APPICON_NAME = AppIcon;
				ASSETCATALOG_COMPILER_GLOBAL_ACCENT_COLOR_NAME = AccentColor;
				CODE_SIGN_STYLE = Automatic;
				CURRENT_PROJECT_VERSION = 1;
				GENERATE_INFOPLIST_FILE = YES;
				INFOPLIST_FILE = "Card Exercise/Info.plist";
				INFOPLIST_KEY_UIApplicationSupportsIndirectInputEvents = YES;
				INFOPLIST_KEY_UILaunchStoryboardName = LaunchScreen;
				INFOPLIST_KEY_UIMainStoryboardFile = Main;
				INFOPLIST_KEY_UISupportedInterfaceOrientations_iPad = "UIInterfaceOrientationPortrait UIInterfaceOrientationPortraitUpsideDown UIInterfaceOrientationLandscapeLeft UIInterfaceOrientationLandscapeRight";
				INFOPLIST_KEY_UISupportedInterfaceOrientations_iPhone = "UIInterfaceOrientationPortrait UIInterfaceOrientationLandscapeLeft UIInterfaceOrientationLandscapeRight";
				LD_RUNPATH_SEARCH_PATHS = (
					"$(inherited)",
					"@executable_path/Frameworks",
				);
				MARKETING_VERSION = 1.0;
				PRODUCT_BUNDLE_IDENTIFIER = "np.com.paurakhsaud.Card-Exercise";
				PRODUCT_NAME = "$(TARGET_NAME)";
				SWIFT_EMIT_LOC_STRINGS = YES;
				SWIFT_VERSION = 5.0;
				TARGETED_DEVICE_FAMILY = "1,2";
			};
			name = Release;
		};
		50C844CE2988DEFF003A73B1 /* Debug */ = {
			isa = XCBuildConfiguration;
			buildSettings = {
				ALWAYS_EMBED_SWIFT_STANDARD_LIBRARIES = YES;
				BUNDLE_LOADER = "$(TEST_HOST)";
				CODE_SIGN_STYLE = Automatic;
				CURRENT_PROJECT_VERSION = 1;
				GENERATE_INFOPLIST_FILE = YES;
				IPHONEOS_DEPLOYMENT_TARGET = 16.2;
				MARKETING_VERSION = 1.0;
				PRODUCT_BUNDLE_IDENTIFIER = "np.com.paurakhsaud.Card-ExerciseTests";
				PRODUCT_NAME = "$(TARGET_NAME)";
				SWIFT_EMIT_LOC_STRINGS = NO;
				SWIFT_VERSION = 5.0;
				TARGETED_DEVICE_FAMILY = "1,2";
				TEST_HOST = "$(BUILT_PRODUCTS_DIR)/Card Exercise.app/$(BUNDLE_EXECUTABLE_FOLDER_PATH)/Card Exercise";
			};
			name = Debug;
		};
		50C844CF2988DEFF003A73B1 /* Release */ = {
			isa = XCBuildConfiguration;
			buildSettings = {
				ALWAYS_EMBED_SWIFT_STANDARD_LIBRARIES = YES;
				BUNDLE_LOADER = "$(TEST_HOST)";
				CODE_SIGN_STYLE = Automatic;
				CURRENT_PROJECT_VERSION = 1;
				GENERATE_INFOPLIST_FILE = YES;
				IPHONEOS_DEPLOYMENT_TARGET = 16.2;
				MARKETING_VERSION = 1.0;
				PRODUCT_BUNDLE_IDENTIFIER = "np.com.paurakhsaud.Card-ExerciseTests";
				PRODUCT_NAME = "$(TARGET_NAME)";
				SWIFT_EMIT_LOC_STRINGS = NO;
				SWIFT_VERSION = 5.0;
				TARGETED_DEVICE_FAMILY = "1,2";
				TEST_HOST = "$(BUILT_PRODUCTS_DIR)/Card Exercise.app/$(BUNDLE_EXECUTABLE_FOLDER_PATH)/Card Exercise";
			};
			name = Release;
		};
		50C844D12988DEFF003A73B1 /* Debug */ = {
			isa = XCBuildConfiguration;
			buildSettings = {
				ALWAYS_EMBED_SWIFT_STANDARD_LIBRARIES = YES;
				CODE_SIGN_STYLE = Automatic;
				CURRENT_PROJECT_VERSION = 1;
				GENERATE_INFOPLIST_FILE = YES;
				MARKETING_VERSION = 1.0;
				PRODUCT_BUNDLE_IDENTIFIER = "np.com.paurakhsaud.Card-ExerciseUITests";
				PRODUCT_NAME = "$(TARGET_NAME)";
				SWIFT_EMIT_LOC_STRINGS = NO;
				SWIFT_VERSION = 5.0;
				TARGETED_DEVICE_FAMILY = "1,2";
				TEST_TARGET_NAME = "Card Exercise";
			};
			name = Debug;
		};
		50C844D22988DEFF003A73B1 /* Release */ = {
			isa = XCBuildConfiguration;
			buildSettings = {
				ALWAYS_EMBED_SWIFT_STANDARD_LIBRARIES = YES;
				CODE_SIGN_STYLE = Automatic;
				CURRENT_PROJECT_VERSION = 1;
				GENERATE_INFOPLIST_FILE = YES;
				MARKETING_VERSION = 1.0;
				PRODUCT_BUNDLE_IDENTIFIER = "np.com.paurakhsaud.Card-ExerciseUITests";
				PRODUCT_NAME = "$(TARGET_NAME)";
				SWIFT_EMIT_LOC_STRINGS = NO;
				SWIFT_VERSION = 5.0;
				TARGETED_DEVICE_FAMILY = "1,2";
				TEST_TARGET_NAME = "Card Exercise";
			};
			name = Release;
		};
/* End XCBuildConfiguration section */

/* Begin XCConfigurationList section */
		50C8449B2988DEFE003A73B1 /* Build configuration list for PBXProject "Card Exercise" */ = {
			isa = XCConfigurationList;
			buildConfigurations = (
				50C844C82988DEFF003A73B1 /* Debug */,
				50C844C92988DEFF003A73B1 /* Release */,
			);
			defaultConfigurationIsVisible = 0;
			defaultConfigurationName = Release;
		};
		50C844CA2988DEFF003A73B1 /* Build configuration list for PBXNativeTarget "Card Exercise" */ = {
			isa = XCConfigurationList;
			buildConfigurations = (
				50C844CB2988DEFF003A73B1 /* Debug */,
				50C844CC2988DEFF003A73B1 /* Release */,
			);
			defaultConfigurationIsVisible = 0;
			defaultConfigurationName = Release;
		};
		50C844CD2988DEFF003A73B1 /* Build configuration list for PBXNativeTarget "Card ExerciseTests" */ = {
			isa = XCConfigurationList;
			buildConfigurations = (
				50C844CE2988DEFF003A73B1 /* Debug */,
				50C844CF2988DEFF003A73B1 /* Release */,
			);
			defaultConfigurationIsVisible = 0;
			defaultConfigurationName = Release;
		};
		50C844D02988DEFF003A73B1 /* Build configuration list for PBXNativeTarget "Card ExerciseUITests" */ = {
			isa = XCConfigurationList;
			buildConfigurations = (
				50C844D12988DEFF003A73B1 /* Debug */,
				50C844D22988DEFF003A73B1 /* Release */,
			);
			defaultConfigurationIsVisible = 0;
			defaultConfigurationName = Release;
		};
/* End XCConfigurationList section */
	};
	rootObject = 50C844982988DEFE003A73B1 /* Project object */;
}
